<?xml version="1.0" encoding="utf-8"?>
<Project ToolsVersion="4.0" xmlns="http://schemas.microsoft.com/developer/msbuild/2003">
  <ItemGroup>
    <Filter Include="Resource Files">
      <UniqueIdentifier>{67DA6AB6-F800-4c08-8B7A-83BB121AAD01}</UniqueIdentifier>
      <Extensions>rc;ico;cur;bmp;dlg;rc2;rct;bin;rgs;gif;jpg;jpeg;jpe;resx;tiff;tif;png;wav;mfcribbon-ms</Extensions>
    </Filter>
    <Filter Include="core">
      <UniqueIdentifier>{4947cbcf-f7b6-423e-a01c-6e485750b820}</UniqueIdentifier>
    </Filter>
    <Filter Include="game">
      <UniqueIdentifier>{f18b3797-14b2-4899-bdeb-9cfe6588d37f}</UniqueIdentifier>
    </Filter>
    <Filter Include="glm">
      <UniqueIdentifier>{ef35c7a8-40e9-4975-aa21-6e2277a4760f}</UniqueIdentifier>
    </Filter>
    <Filter Include="win32">
      <UniqueIdentifier>{540868f3-7fb9-4a5f-8297-af987027be9e}</UniqueIdentifier>
    </Filter>
    <Filter Include="win32\Outlaws2">
      <UniqueIdentifier>{3b527d75-611b-4448-a001-ee8a53a90598}</UniqueIdentifier>
    </Filter>
    <Filter Include="win32\Outlaws2\Main">
      <UniqueIdentifier>{363960f5-5ccd-4e40-8b74-ba41f1da8351}</UniqueIdentifier>
    </Filter>
    <Filter Include="win32\include">
      <UniqueIdentifier>{326e878d-cc8b-4362-b769-371f67877b5b}</UniqueIdentifier>
    </Filter>
    <Filter Include="win32\include\GL">
      <UniqueIdentifier>{ab8eb287-31e6-44c4-b1ba-55330c5d5c15}</UniqueIdentifier>
    </Filter>
    <Filter Include="chipmunk">
      <UniqueIdentifier>{19b7597c-a377-4608-9616-0e1bc157a74f}</UniqueIdentifier>
    </Filter>
    <Filter Include="chipmunk\include">
      <UniqueIdentifier>{0afb569b-b916-4620-8099-64c89b5e8eff}</UniqueIdentifier>
    </Filter>
    <Filter Include="chipmunk\include\chipmunk">
      <UniqueIdentifier>{a35d6457-a997-410f-8b62-bb1cd0925840}</UniqueIdentifier>
    </Filter>
    <Filter Include="chipmunk\include\chipmunk\constraints">
      <UniqueIdentifier>{c1d9d387-e3a7-48ed-9e38-aeede09f048e}</UniqueIdentifier>
    </Filter>
    <Filter Include="re2">
      <UniqueIdentifier>{6734dbc8-78c1-4b2b-86fc-bf380dfc63b5}</UniqueIdentifier>
    </Filter>
    <Filter Include="AiModCode">
      <UniqueIdentifier>{a27189c4-39f3-469c-b74d-6a4232cc21ef}</UniqueIdentifier>
    </Filter>
  </ItemGroup>
  <ItemGroup>
    <ClInclude Include="..\glm\common.hpp">
      <Filter>glm</Filter>
    </ClInclude>
    <ClInclude Include="..\glm\exponential.hpp">
      <Filter>glm</Filter>
    </ClInclude>
    <ClInclude Include="..\glm\ext.hpp">
      <Filter>glm</Filter>
    </ClInclude>
    <ClInclude Include="..\glm\fwd.hpp">
      <Filter>glm</Filter>
    </ClInclude>
    <ClInclude Include="..\glm\geometric.hpp">
      <Filter>glm</Filter>
    </ClInclude>
    <ClInclude Include="..\glm\glm.hpp">
      <Filter>glm</Filter>
    </ClInclude>
    <ClInclude Include="..\glm\integer.hpp">
      <Filter>glm</Filter>
    </ClInclude>
    <ClInclude Include="..\glm\mat2x2.hpp">
      <Filter>glm</Filter>
    </ClInclude>
    <ClInclude Include="..\glm\mat2x3.hpp">
      <Filter>glm</Filter>
    </ClInclude>
    <ClInclude Include="..\glm\mat2x4.hpp">
      <Filter>glm</Filter>
    </ClInclude>
    <ClInclude Include="..\glm\mat3x2.hpp">
      <Filter>glm</Filter>
    </ClInclude>
    <ClInclude Include="..\glm\mat3x3.hpp">
      <Filter>glm</Filter>
    </ClInclude>
    <ClInclude Include="..\glm\mat3x4.hpp">
      <Filter>glm</Filter>
    </ClInclude>
    <ClInclude Include="..\glm\mat4x2.hpp">
      <Filter>glm</Filter>
    </ClInclude>
    <ClInclude Include="..\glm\mat4x3.hpp">
      <Filter>glm</Filter>
    </ClInclude>
    <ClInclude Include="..\glm\mat4x4.hpp">
      <Filter>glm</Filter>
    </ClInclude>
    <ClInclude Include="..\glm\matrix.hpp">
      <Filter>glm</Filter>
    </ClInclude>
    <ClInclude Include="..\glm\packing.hpp">
      <Filter>glm</Filter>
    </ClInclude>
    <ClInclude Include="..\glm\trigonometric.hpp">
      <Filter>glm</Filter>
    </ClInclude>
    <ClInclude Include="..\glm\vec2.hpp">
      <Filter>glm</Filter>
    </ClInclude>
    <ClInclude Include="..\glm\vec3.hpp">
      <Filter>glm</Filter>
    </ClInclude>
    <ClInclude Include="..\glm\vec4.hpp">
      <Filter>glm</Filter>
    </ClInclude>
    <ClInclude Include="..\glm\vector_relational.hpp">
      <Filter>glm</Filter>
    </ClInclude>
    <ClInclude Include="..\game\AI_modapi.h">
      <Filter>game</Filter>
    </ClInclude>
    <ClInclude Include="..\game\SerialBlock.h">
      <Filter>game</Filter>
    </ClInclude>
    <ClInclude Include="..\game\Shapes.h">
      <Filter>game</Filter>
    </ClInclude>
    <ClInclude Include="..\game\Agent.h">
      <Filter>game</Filter>
    </ClInclude>
    <ClInclude Include="..\game\AI.h">
      <Filter>game</Filter>
    </ClInclude>
    <ClInclude Include="..\game\BindingInterface.h">
      <Filter>game</Filter>
    </ClInclude>
    <ClInclude Include="..\game\BlockPattern.h">
      <Filter>game</Filter>
    </ClInclude>
    <ClInclude Include="..\game\Blocks.h">
      <Filter>game</Filter>
    </ClInclude>
    <ClInclude Include="..\game\BlockTool.h">
      <Filter>game</Filter>
    </ClInclude>
    <ClInclude Include="..\game\ClusterWindow.h">
      <Filter>game</Filter>
    </ClInclude>
    <ClInclude Include="..\game\Colors.h">
      <Filter>game</Filter>
    </ClInclude>
    <ClInclude Include="..\game\Constructor.h">
      <Filter>game</Filter>
    </ClInclude>
    <ClInclude Include="..\game\ConstructSelector.h">
      <Filter>game</Filter>
    </ClInclude>
    <ClInclude Include="..\game\ControlPanel.h">
      <Filter>game</Filter>
    </ClInclude>
    <ClInclude Include="..\game\Digressions.h">
      <Filter>game</Filter>
    </ClInclude>
    <ClInclude Include="..\game\Editor.h">
      <Filter>game</Filter>
    </ClInclude>
    <ClInclude Include="..\game\Export.h">
      <Filter>game</Filter>
    </ClInclude>
    <ClInclude Include="..\game\FlyCam.h">
      <Filter>game</Filter>
    </ClInclude>
    <ClInclude Include="..\game\Font.h">
      <Filter>game</Filter>
    </ClInclude>
    <ClInclude Include="..\game\Galaxy.h">
      <Filter>game</Filter>
    </ClInclude>
    <ClInclude Include="..\game\Game.h">
      <Filter>game</Filter>
    </ClInclude>
    <ClInclude Include="..\game\GameZone.h">
      <Filter>game</Filter>
    </ClInclude>
    <ClInclude Include="..\game\Interface.h">
      <Filter>game</Filter>
    </ClInclude>
    <ClInclude Include="..\game\Keys.h">
      <Filter>game</Filter>
    </ClInclude>
    <ClInclude Include="..\game\KickstarterNames.h">
      <Filter>game</Filter>
    </ClInclude>
    <ClInclude Include="..\game\Levels.h">
      <Filter>game</Filter>
    </ClInclude>
    <ClInclude Include="..\game\MapObjective.h">
      <Filter>game</Filter>
    </ClInclude>
    <ClInclude Include="..\game\Message.h">
      <Filter>game</Filter>
    </ClInclude>
    <ClInclude Include="..\game\Mods.h">
      <Filter>game</Filter>
    </ClInclude>
    <ClInclude Include="..\game\Network.h">
      <Filter>game</Filter>
    </ClInclude>
    <ClInclude Include="..\game\Notification.h">
      <Filter>game</Filter>
    </ClInclude>
    <ClInclude Include="..\game\Options.h">
      <Filter>game</Filter>
    </ClInclude>
    <ClInclude Include="..\game\ParticleEffects.h">
      <Filter>game</Filter>
    </ClInclude>
    <ClInclude Include="..\game\Player.h">
      <Filter>game</Filter>
    </ClInclude>
    <ClInclude Include="..\game\PortPair.h">
      <Filter>game</Filter>
    </ClInclude>
    <ClInclude Include="..\game\Render.h">
      <Filter>game</Filter>
    </ClInclude>
    <ClInclude Include="..\game\Resources.h">
      <Filter>game</Filter>
    </ClInclude>
    <ClInclude Include="..\game\Save.h">
      <Filter>game</Filter>
    </ClInclude>
    <ClInclude Include="..\game\Sector.h">
      <Filter>game</Filter>
    </ClInclude>
    <ClInclude Include="..\game\Selection.h">
      <Filter>game</Filter>
    </ClInclude>
    <ClInclude Include="..\game\Ships.h">
      <Filter>game</Filter>
    </ClInclude>
    <ClInclude Include="..\game\Sound.h">
      <Filter>game</Filter>
    </ClInclude>
    <ClInclude Include="..\game\Spacer.h">
      <Filter>game</Filter>
    </ClInclude>
    <ClInclude Include="..\game\StagingTournament.h">
      <Filter>game</Filter>
    </ClInclude>
    <ClInclude Include="..\game\StationInterface.h">
      <Filter>game</Filter>
    </ClInclude>
    <ClInclude Include="..\game\StdAfx.h">
      <Filter>game</Filter>
    </ClInclude>
    <ClInclude Include="..\game\TabMenu.h">
      <Filter>game</Filter>
    </ClInclude>
    <ClInclude Include="..\game\TheBlocks.h">
      <Filter>game</Filter>
    </ClInclude>
    <ClInclude Include="..\game\Tournament.h">
      <Filter>game</Filter>
    </ClInclude>
    <ClInclude Include="..\game\Types.h">
      <Filter>game</Filter>
    </ClInclude>
    <ClInclude Include="..\game\Weapon.h">
      <Filter>game</Filter>
    </ClInclude>
    <ClInclude Include="..\core\AudioEvent.h">
      <Filter>core</Filter>
    </ClInclude>
    <ClInclude Include="..\core\Event.h">
      <Filter>core</Filter>
    </ClInclude>
    <ClInclude Include="..\core\FrameLogger.h">
      <Filter>core</Filter>
    </ClInclude>
    <ClInclude Include="..\core\Geometry.h">
      <Filter>core</Filter>
    </ClInclude>
    <ClInclude Include="..\core\GLText.h">
      <Filter>core</Filter>
    </ClInclude>
    <ClInclude Include="..\core\Graphics.h">
      <Filter>core</Filter>
    </ClInclude>
    <ClInclude Include="..\core\GUI.h">
      <Filter>core</Filter>
    </ClInclude>
    <ClInclude Include="..\core\List.h">
      <Filter>core</Filter>
    </ClInclude>
    <ClInclude Include="..\core\md5.h">
      <Filter>core</Filter>
    </ClInclude>
    <ClInclude Include="..\core\Nav.h">
      <Filter>core</Filter>
    </ClInclude>
    <ClInclude Include="..\core\Outlaws.h">
      <Filter>core</Filter>
    </ClInclude>
    <ClInclude Include="..\core\Particles.h">
      <Filter>core</Filter>
    </ClInclude>
    <ClInclude Include="..\core\phpbbhash.h">
      <Filter>core</Filter>
    </ClInclude>
    <ClInclude Include="..\core\Polyhedra.h">
      <Filter>core</Filter>
    </ClInclude>
    <ClInclude Include="..\core\Rand.h">
      <Filter>core</Filter>
    </ClInclude>
    <ClInclude Include="..\core\RGB.h">
      <Filter>core</Filter>
    </ClInclude>
    <ClInclude Include="..\core\SerialCore.h">
      <Filter>core</Filter>
    </ClInclude>
    <ClInclude Include="..\core\Shaders.h">
      <Filter>core</Filter>
    </ClInclude>
    <ClInclude Include="..\core\SpacialHash.h">
      <Filter>core</Filter>
    </ClInclude>
    <ClInclude Include="..\core\StdAfx_core.h">
      <Filter>core</Filter>
    </ClInclude>
    <ClInclude Include="..\core\Steam.h">
      <Filter>core</Filter>
    </ClInclude>
    <ClInclude Include="..\core\stl_ext.h">
      <Filter>core</Filter>
    </ClInclude>
    <ClInclude Include="..\core\Str.h">
      <Filter>core</Filter>
    </ClInclude>
    <ClInclude Include="..\core\Tween.h">
      <Filter>core</Filter>
    </ClInclude>
    <ClInclude Include="..\core\Vertex.h">
      <Filter>core</Filter>
    </ClInclude>
    <ClInclude Include="..\core\ZipFile.h">
      <Filter>core</Filter>
    </ClInclude>
    <ClInclude Include="..\win32\Outlaws2\Main\platformincludes.h">
      <Filter>win32\Outlaws2\Main</Filter>
    </ClInclude>
    <ClInclude Include="..\win32\include\GL\glew.h">
      <Filter>win32\include\GL</Filter>
    </ClInclude>
    <ClInclude Include="..\chipmunk\include\chipmunk\chipmunk.h">
      <Filter>chipmunk\include\chipmunk</Filter>
    </ClInclude>
    <ClInclude Include="..\chipmunk\include\chipmunk\chipmunk_ffi.h">
      <Filter>chipmunk\include\chipmunk</Filter>
    </ClInclude>
    <ClInclude Include="..\chipmunk\include\chipmunk\chipmunk_private.h">
      <Filter>chipmunk\include\chipmunk</Filter>
    </ClInclude>
    <ClInclude Include="..\chipmunk\include\chipmunk\chipmunk_types.h">
      <Filter>chipmunk\include\chipmunk</Filter>
    </ClInclude>
    <ClInclude Include="..\chipmunk\include\chipmunk\chipmunk_unsafe.h">
      <Filter>chipmunk\include\chipmunk</Filter>
    </ClInclude>
    <ClInclude Include="..\chipmunk\include\chipmunk\cpArbiter.h">
      <Filter>chipmunk\include\chipmunk</Filter>
    </ClInclude>
    <ClInclude Include="..\chipmunk\include\chipmunk\cpBB.h">
      <Filter>chipmunk\include\chipmunk</Filter>
    </ClInclude>
    <ClInclude Include="..\chipmunk\include\chipmunk\cpBody.h">
      <Filter>chipmunk\include\chipmunk</Filter>
    </ClInclude>
    <ClInclude Include="..\chipmunk\include\chipmunk\cpPolyShape.h">
      <Filter>chipmunk\include\chipmunk</Filter>
    </ClInclude>
    <ClInclude Include="..\chipmunk\include\chipmunk\cpShape.h">
      <Filter>chipmunk\include\chipmunk</Filter>
    </ClInclude>
    <ClInclude Include="..\chipmunk\include\chipmunk\cpSpace.h">
      <Filter>chipmunk\include\chipmunk</Filter>
    </ClInclude>
    <ClInclude Include="..\chipmunk\include\chipmunk\cpSpatialIndex.h">
      <Filter>chipmunk\include\chipmunk</Filter>
    </ClInclude>
    <ClInclude Include="..\chipmunk\include\chipmunk\cpVect.h">
      <Filter>chipmunk\include\chipmunk</Filter>
    </ClInclude>
    <ClInclude Include="..\chipmunk\include\chipmunk\constraints\cpConstraint.h">
      <Filter>chipmunk\include\chipmunk\constraints</Filter>
    </ClInclude>
    <ClInclude Include="..\chipmunk\include\chipmunk\constraints\cpDampedRotarySpring.h">
      <Filter>chipmunk\include\chipmunk\constraints</Filter>
    </ClInclude>
    <ClInclude Include="..\chipmunk\include\chipmunk\constraints\cpDampedSpring.h">
      <Filter>chipmunk\include\chipmunk\constraints</Filter>
    </ClInclude>
    <ClInclude Include="..\chipmunk\include\chipmunk\constraints\cpGearJoint.h">
      <Filter>chipmunk\include\chipmunk\constraints</Filter>
    </ClInclude>
    <ClInclude Include="..\chipmunk\include\chipmunk\constraints\cpGrooveJoint.h">
      <Filter>chipmunk\include\chipmunk\constraints</Filter>
    </ClInclude>
    <ClInclude Include="..\chipmunk\include\chipmunk\constraints\cpPinJoint.h">
      <Filter>chipmunk\include\chipmunk\constraints</Filter>
    </ClInclude>
    <ClInclude Include="..\chipmunk\include\chipmunk\constraints\cpPivotJoint.h">
      <Filter>chipmunk\include\chipmunk\constraints</Filter>
    </ClInclude>
    <ClInclude Include="..\chipmunk\include\chipmunk\constraints\cpRatchetJoint.h">
      <Filter>chipmunk\include\chipmunk\constraints</Filter>
    </ClInclude>
    <ClInclude Include="..\chipmunk\include\chipmunk\constraints\cpRotaryLimitJoint.h">
      <Filter>chipmunk\include\chipmunk\constraints</Filter>
    </ClInclude>
    <ClInclude Include="..\chipmunk\include\chipmunk\constraints\cpSimpleMotor.h">
      <Filter>chipmunk\include\chipmunk\constraints</Filter>
    </ClInclude>
    <ClInclude Include="..\chipmunk\include\chipmunk\constraints\cpSlideJoint.h">
      <Filter>chipmunk\include\chipmunk\constraints</Filter>
    </ClInclude>
    <ClInclude Include="..\chipmunk\include\chipmunk\constraints\util.h">
      <Filter>chipmunk\include\chipmunk\constraints</Filter>
    </ClInclude>
    <ClInclude Include="..\re2\re2.h">
      <Filter>re2</Filter>
    </ClInclude>
    <ClInclude Include="AiModExample.h">
      <Filter>AiModCode</Filter>
    </ClInclude>
  </ItemGroup>
  <ItemGroup>
    <ClCompile Include="AiModExample.cpp">
      <Filter>AiModCode</Filter>
    </ClCompile>
    <ClCompile Include="StdAfx.cpp">
      <Filter>AiModCode</Filter>
    </ClCompile>
    <ClCompile Include="..\core\Str.cpp">
      <Filter>core</Filter>
    </ClCompile>
    <ClCompile Include="..\game\TheBlocks.cpp">
      <Filter>game</Filter>
    </ClCompile>
  </ItemGroup>
</Project>